
Microsoft Visual Studio Solution File, Format Version 12.00
# Visual Studio Version 17
VisualStudioVersion = 17.13.35825.156 d17.13
MinimumVisualStudioVersion = 10.0.40219.1
Project("{FAE04EC0-301F-11D3-BF4B-00C04F79EFBC}") = "Estacionamento", "Estacionamento\Estacionamento.csproj", "{CE0F6101-DB8B-4B78-BF79-A244DC31D7DB}"
EndProject
Global
	GlobalSection(SolutionConfigurationPlatforms) = preSolution
		Debug|Any CPU = Debug|Any CPU
		Release|Any CPU = Release|Any CPU
	EndGlobalSection
	GlobalSection(ProjectConfigurationPlatforms) = postSolution
		{CE0F6101-DB8B-4B78-BF79-A244DC31D7DB}.Debug|Any CPU.ActiveCfg = Debug|Any CPU
		{CE0F6101-DB8B-4B78-BF79-A244DC31D7DB}.Debug|Any CPU.Build.0 = Debug|Any CPU
		{CE0F6101-DB8B-4B78-BF79-A244DC31D7DB}.Release|Any CPU.ActiveCfg = Release|Any CPU
		{CE0F6101-DB8B-4B78-BF79-A244DC31D7DB}.Release|Any CPU.Build.0 = Release|Any CPU
	EndGlobalSection
	GlobalSection(SolutionProperties) = preSolution
		HideSolutionNode = FALSE
	EndGlobalSection
	GlobalSection(ExtensibilityGlobals) = postSolution
		SolutionGuid = {0AABE130-3B32-4C3E-8D28-178D80D97126}
	EndGlobalSection
EndGlobal
